
Microsoft Visual Studio Solution File, Format Version 12.00
# Visual Studio Version 17
VisualStudioVersion = 17.4.33205.214
MinimumVisualStudioVersion = 10.0.40219.1
Project("{9A19103F-16F7-4668-BE54-9A1E7A4F7556}") = "IOCContainerSampleInConsole", "IOCContainerSampleInConsole\IOCContainerSampleInConsole.csproj", "{C5E1E343-B1B5-4729-9298-017DA088E5E0}"
EndProject
Project("{9A19103F-16F7-4668-BE54-9A1E7A4F7556}") = "WebAPI_IOC_Samples", "WebAPI_IOC_Samples\WebAPI_IOC_Samples.csproj", "{7FFF2DC2-0D82-40DE-8134-A32C515A993B}"
EndProject
Project("{2150E333-8FDC-42A3-9474-1A3956D46DE8}") = "Modul001_IOC Samples", "Modul001_IOC Samples", "{6A0253A8-417A-4B9C-99BC-BEB9D77DA9B2}"
EndProject
Project("{9A19103F-16F7-4668-BE54-9A1E7A4F7556}") = "DefaultWebAPI", "DefaultWebAPI\DefaultWebAPI.csproj", "{FD033521-F1C5-4D06-B032-1509B1267FC2}"
EndProject
Project("{2150E333-8FDC-42A3-9474-1A3956D46DE8}") = "Modul002_DefaultProject_und_Default Conventions", "Modul002_DefaultProject_und_Default Conventions", "{266E0A10-F16D-4047-ACE6-E2CED241C1C5}"
EndProject
Project("{9A19103F-16F7-4668-BE54-9A1E7A4F7556}") = "WebAPI_Grundlagen", "WebAPI_Grundlagen\WebAPI_Grundlagen.csproj", "{37586D22-1ED0-4E2C-A2B8-018F585BB4E4}"
EndProject
Project("{2150E333-8FDC-42A3-9474-1A3956D46DE8}") = "Solution Items", "Solution Items", "{1D8C36FE-0DF3-4796-A45D-1AAA9148B234}"
	ProjectSection(SolutionItems) = preProject
		..\Agenda.md = ..\Agenda.md
	EndProjectSection
EndProject
Project("{2150E333-8FDC-42A3-9474-1A3956D46DE8}") = "Modul003 und 004", "Modul003 und 004", "{9FCD6145-26B2-4221-923B-E49AC659C7C7}"
EndProject
Project("{FAE04EC0-301F-11D3-BF4B-00C04F79EFBC}") = "GeoApp.Shared", "GeoApp.Shared\GeoApp.Shared.csproj", "{A20EEA2B-B421-4120-8C9A-AC7B2877630A}"
EndProject
Project("{FAE04EC0-301F-11D3-BF4B-00C04F79EFBC}") = "GeoApp.Api", "GeoApp.Api\GeoApp.Api.csproj", "{C36DE520-1BE5-4AEE-8E30-135818A9A22C}"
EndProject
Project("{FAE04EC0-301F-11D3-BF4B-00C04F79EFBC}") = "MinimalAPISample", "MinimalAPISample\MinimalAPISample.csproj", "{C0B5A3D6-DC7A-4890-9B7F-47069C8651FD}"
EndProject
Project("{2150E333-8FDC-42A3-9474-1A3956D46DE8}") = "Modul005_WebAPI_mit Relationen_POCO und DTO Variante", "Modul005_WebAPI_mit Relationen_POCO und DTO Variante", "{7DD53F84-D189-42C9-9DD6-6E47DF9E161E}"
EndProject
Project("{2150E333-8FDC-42A3-9474-1A3956D46DE8}") = "Modul006_MinimalAP", "Modul006_MinimalAP", "{764AE248-C257-45AF-81BD-03E7354FD81A}"
EndProject
Project("{FAE04EC0-301F-11D3-BF4B-00C04F79EFBC}") = "GeoApp.UI", "GeoApp.UI\GeoApp.UI.csproj", "{ADACA8F7-8A1F-4CE9-AB1B-09B51366E0BA}"
EndProject
Global
	GlobalSection(SolutionConfigurationPlatforms) = preSolution
		Debug|Any CPU = Debug|Any CPU
		Release|Any CPU = Release|Any CPU
	EndGlobalSection
	GlobalSection(ProjectConfigurationPlatforms) = postSolution
		{C5E1E343-B1B5-4729-9298-017DA088E5E0}.Debug|Any CPU.ActiveCfg = Debug|Any CPU
		{C5E1E343-B1B5-4729-9298-017DA088E5E0}.Debug|Any CPU.Build.0 = Debug|Any CPU
		{C5E1E343-B1B5-4729-9298-017DA088E5E0}.Release|Any CPU.ActiveCfg = Release|Any CPU
		{C5E1E343-B1B5-4729-9298-017DA088E5E0}.Release|Any CPU.Build.0 = Release|Any CPU
		{7FFF2DC2-0D82-40DE-8134-A32C515A993B}.Debug|Any CPU.ActiveCfg = Debug|Any CPU
		{7FFF2DC2-0D82-40DE-8134-A32C515A993B}.Debug|Any CPU.Build.0 = Debug|Any CPU
		{7FFF2DC2-0D82-40DE-8134-A32C515A993B}.Release|Any CPU.ActiveCfg = Release|Any CPU
		{7FFF2DC2-0D82-40DE-8134-A32C515A993B}.Release|Any CPU.Build.0 = Release|Any CPU
		{FD033521-F1C5-4D06-B032-1509B1267FC2}.Debug|Any CPU.ActiveCfg = Debug|Any CPU
		{FD033521-F1C5-4D06-B032-1509B1267FC2}.Debug|Any CPU.Build.0 = Debug|Any CPU
		{FD033521-F1C5-4D06-B032-1509B1267FC2}.Release|Any CPU.ActiveCfg = Release|Any CPU
		{FD033521-F1C5-4D06-B032-1509B1267FC2}.Release|Any CPU.Build.0 = Release|Any CPU
		{37586D22-1ED0-4E2C-A2B8-018F585BB4E4}.Debug|Any CPU.ActiveCfg = Debug|Any CPU
		{37586D22-1ED0-4E2C-A2B8-018F585BB4E4}.Debug|Any CPU.Build.0 = Debug|Any CPU
		{37586D22-1ED0-4E2C-A2B8-018F585BB4E4}.Release|Any CPU.ActiveCfg = Release|Any CPU
		{37586D22-1ED0-4E2C-A2B8-018F585BB4E4}.Release|Any CPU.Build.0 = Release|Any CPU
		{A20EEA2B-B421-4120-8C9A-AC7B2877630A}.Debug|Any CPU.ActiveCfg = Debug|Any CPU
		{A20EEA2B-B421-4120-8C9A-AC7B2877630A}.Debug|Any CPU.Build.0 = Debug|Any CPU
		{A20EEA2B-B421-4120-8C9A-AC7B2877630A}.Release|Any CPU.ActiveCfg = Release|Any CPU
		{A20EEA2B-B421-4120-8C9A-AC7B2877630A}.Release|Any CPU.Build.0 = Release|Any CPU
		{C36DE520-1BE5-4AEE-8E30-135818A9A22C}.Debug|Any CPU.ActiveCfg = Debug|Any CPU
		{C36DE520-1BE5-4AEE-8E30-135818A9A22C}.Debug|Any CPU.Build.0 = Debug|Any CPU
		{C36DE520-1BE5-4AEE-8E30-135818A9A22C}.Release|Any CPU.ActiveCfg = Release|Any CPU
		{C36DE520-1BE5-4AEE-8E30-135818A9A22C}.Release|Any CPU.Build.0 = Release|Any CPU
		{C0B5A3D6-DC7A-4890-9B7F-47069C8651FD}.Debug|Any CPU.ActiveCfg = Debug|Any CPU
		{C0B5A3D6-DC7A-4890-9B7F-47069C8651FD}.Debug|Any CPU.Build.0 = Debug|Any CPU
		{C0B5A3D6-DC7A-4890-9B7F-47069C8651FD}.Release|Any CPU.ActiveCfg = Release|Any CPU
		{C0B5A3D6-DC7A-4890-9B7F-47069C8651FD}.Release|Any CPU.Build.0 = Release|Any CPU
		{ADACA8F7-8A1F-4CE9-AB1B-09B51366E0BA}.Debug|Any CPU.ActiveCfg = Debug|Any CPU
		{ADACA8F7-8A1F-4CE9-AB1B-09B51366E0BA}.Debug|Any CPU.Build.0 = Debug|Any CPU
		{ADACA8F7-8A1F-4CE9-AB1B-09B51366E0BA}.Release|Any CPU.ActiveCfg = Release|Any CPU
		{ADACA8F7-8A1F-4CE9-AB1B-09B51366E0BA}.Release|Any CPU.Build.0 = Release|Any CPU
	EndGlobalSection
	GlobalSection(SolutionProperties) = preSolution
		HideSolutionNode = FALSE
	EndGlobalSection
	GlobalSection(NestedProjects) = preSolution
		{C5E1E343-B1B5-4729-9298-017DA088E5E0} = {6A0253A8-417A-4B9C-99BC-BEB9D77DA9B2}
		{7FFF2DC2-0D82-40DE-8134-A32C515A993B} = {6A0253A8-417A-4B9C-99BC-BEB9D77DA9B2}
		{FD033521-F1C5-4D06-B032-1509B1267FC2} = {266E0A10-F16D-4047-ACE6-E2CED241C1C5}
		{37586D22-1ED0-4E2C-A2B8-018F585BB4E4} = {9FCD6145-26B2-4221-923B-E49AC659C7C7}
		{A20EEA2B-B421-4120-8C9A-AC7B2877630A} = {7DD53F84-D189-42C9-9DD6-6E47DF9E161E}
		{C36DE520-1BE5-4AEE-8E30-135818A9A22C} = {7DD53F84-D189-42C9-9DD6-6E47DF9E161E}
		{C0B5A3D6-DC7A-4890-9B7F-47069C8651FD} = {764AE248-C257-45AF-81BD-03E7354FD81A}
	EndGlobalSection
	GlobalSection(ExtensibilityGlobals) = postSolution
		SolutionGuid = {79849D69-39B5-409C-B613-141361A14725}
	EndGlobalSection
EndGlobal
